<?xml version="1.0" encoding="utf-8"?>
<Project ToolsVersion="4.0" xmlns="http://schemas.microsoft.com/developer/msbuild/2003">
  <ItemGroup>
    <Filter Include="源文件">
      <UniqueIdentifier>{4FC737F1-C7A5-4376-A066-2A32D752A2FF}</UniqueIdentifier>
      <Extensions>cpp;c;cc;cxx;def;odl;idl;hpj;bat;asm;asmx</Extensions>
    </Filter>
    <Filter Include="头文件">
      <UniqueIdentifier>{93995380-89BD-4b04-88EB-625FBE52EBFB}</UniqueIdentifier>
      <Extensions>h;hpp;hxx;hm;inl;inc;xsd</Extensions>
    </Filter>
    <Filter Include="资源文件">
      <UniqueIdentifier>{67DA6AB6-F800-4c08-8B7A-83BB121AAD01}</UniqueIdentifier>
      <Extensions>rc;ico;cur;bmp;dlg;rc2;rct;bin;rgs;gif;jpg;jpeg;jpe;resx;tiff;tif;png;wav;mfcribbon-ms</Extensions>
    </Filter>
    <Filter Include="include">
      <UniqueIdentifier>{35eda023-0ea9-4a3d-99f2-c403c61a310e}</UniqueIdentifier>
    </Filter>
    <Filter Include="CTP">
      <UniqueIdentifier>{86896bd1-f74c-4c3d-8a51-4d3ce0b772cf}</UniqueIdentifier>
    </Filter>
    <Filter Include="lib">
      <UniqueIdentifier>{2dccf80d-aa31-42e6-8c67-61b0a5e9d8cc}</UniqueIdentifier>
    </Filter>
  </ItemGroup>
  <ItemGroup>
    <None Include="ReadMe.txt" />
  </ItemGroup>
  <ItemGroup>
    <ClInclude Include="stdafx.h">
      <Filter>头文件</Filter>
    </ClInclude>
    <ClInclude Include="targetver.h">
      <Filter>头文件</Filter>
    </ClInclude>
    <ClInclude Include="QuantBox.C2CTP.h">
      <Filter>头文件</Filter>
    </ClInclude>
    <ClInclude Include="resource.h">
      <Filter>头文件</Filter>
    </ClInclude>
    <ClInclude Include="include\Lock.h">
      <Filter>include</Filter>
    </ClInclude>
    <ClInclude Include="include\LockFreeQ.h">
      <Filter>include</Filter>
    </ClInclude>
    <ClInclude Include="include\toolkit.h">
      <Filter>include</Filter>
    </ClInclude>
    <ClInclude Include="include\CTP\ThostFtdcMdApi.h">
      <Filter>CTP</Filter>
    </ClInclude>
    <ClInclude Include="include\CTP\ThostFtdcTraderApi.h">
      <Filter>CTP</Filter>
    </ClInclude>
    <ClInclude Include="include\CTP\ThostFtdcUserApiDataType.h">
      <Filter>CTP</Filter>
    </ClInclude>
    <ClInclude Include="include\CTP\ThostFtdcUserApiStruct.h">
      <Filter>CTP</Filter>
    </ClInclude>
    <ClInclude Include="MdUserApi.h">
      <Filter>头文件</Filter>
    </ClInclude>
    <ClInclude Include="TraderApi.h">
      <Filter>头文件</Filter>
    </ClInclude>
    <ClInclude Include="CTPMsgQueue.h">
      <Filter>头文件</Filter>
    </ClInclude>
  </ItemGroup>
  <ItemGroup>
    <ClCompile Include="stdafx.cpp">
      <Filter>源文件</Filter>
    </ClCompile>
    <ClCompile Include="QuantBox.C2CTP.cpp">
      <Filter>源文件</Filter>
    </ClCompile>
    <ClCompile Include="dllmain.cpp">
      <Filter>源文件</Filter>
    </ClCompile>
    <ClCompile Include="MdUserApi.cpp">
      <Filter>源文件</Filter>
    </ClCompile>
    <ClCompile Include="TraderApi.cpp">
      <Filter>源文件</Filter>
    </ClCompile>
    <ClCompile Include="include\toolkit.cpp">
      <Filter>include</Filter>
    </ClCompile>
    <ClCompile Include="CTPMsgQueue.cpp">
      <Filter>源文件</Filter>
    </ClCompile>
  </ItemGroup>
  <ItemGroup>
    <ResourceCompile Include="QuantBox.C2CTP.rc">
      <Filter>资源文件</Filter>
    </ResourceCompile>
  </ItemGroup>
  <ItemGroup>
    <Library Include="include\CTP\thostmduserapi.lib">
      <Filter>lib</Filter>
    </Library>
    <Library Include="include\CTP\thosttraderapi.lib">
      <Filter>lib</Filter>
    </Library>
  </ItemGroup>
</Project>